Microsoft Visual Studio Solution File, Format Version 11.00
# Visual Studio 2008

Project("{F06926FD-DB6F-0DDC-26CA-E585AF45AA39}") = "After Earth", "Assembly-CSharp-firstpass.csproj", "{BC681B8C-369C-86B6-8DD2-8DE17CDBDD7D}"
EndProject
Project("{F06926FD-DB6F-0DDC-26CA-E585AF45AA39}") = "After Earth", "Assembly-CSharp.csproj", "{C22FFA34-B574-FEDF-CA73-E5877F6D411F}"
EndProject
Project("{F06926FD-DB6F-0DDC-26CA-E585AF45AA39}") = "After Earth", "Assembly-CSharp-Editor.csproj", "{A35EEBDF-EB63-9F32-A3D2-702D40DA7DAA}"
EndProject
Global
	GlobalSection(SolutionConfigurationPlatforms) = preSolution
		Debug|Any CPU = Debug|Any CPU
		Release|Any CPU = Release|Any CPU
	EndGlobalSection
	GlobalSection(ProjectConfigurationPlatforms) = postSolution
		{BC681B8C-369C-86B6-8DD2-8DE17CDBDD7D}.Debug|Any CPU.ActiveCfg = Debug|Any CPU
		{BC681B8C-369C-86B6-8DD2-8DE17CDBDD7D}.Debug|Any CPU.Build.0 = Debug|Any CPU
		{BC681B8C-369C-86B6-8DD2-8DE17CDBDD7D}.Release|Any CPU.ActiveCfg = Release|Any CPU
		{BC681B8C-369C-86B6-8DD2-8DE17CDBDD7D}.Release|Any CPU.Build.0 = Release|Any CPU
		{C22FFA34-B574-FEDF-CA73-E5877F6D411F}.Debug|Any CPU.ActiveCfg = Debug|Any CPU
		{C22FFA34-B574-FEDF-CA73-E5877F6D411F}.Debug|Any CPU.Build.0 = Debug|Any CPU
		{C22FFA34-B574-FEDF-CA73-E5877F6D411F}.Release|Any CPU.ActiveCfg = Release|Any CPU
		{C22FFA34-B574-FEDF-CA73-E5877F6D411F}.Release|Any CPU.Build.0 = Release|Any CPU
		{A35EEBDF-EB63-9F32-A3D2-702D40DA7DAA}.Debug|Any CPU.ActiveCfg = Debug|Any CPU
		{A35EEBDF-EB63-9F32-A3D2-702D40DA7DAA}.Debug|Any CPU.Build.0 = Debug|Any CPU
		{A35EEBDF-EB63-9F32-A3D2-702D40DA7DAA}.Release|Any CPU.ActiveCfg = Release|Any CPU
		{A35EEBDF-EB63-9F32-A3D2-702D40DA7DAA}.Release|Any CPU.Build.0 = Release|Any CPU
	EndGlobalSection
	GlobalSection(SolutionProperties) = preSolution
		HideSolutionNode = FALSE
	EndGlobalSection
	GlobalSection(MonoDevelopProperties) = preSolution
		StartupItem = Assembly-CSharp.csproj
	EndGlobalSection
EndGlobal
